{
  "name": "fpl-hems-demo",
  "version": "1.0.0",
  "lockfileVersion": 3,
  "requires": true,
  "packages": {
    "": {
      "name": "fpl-hems-demo",
      "version": "1.0.0",
      "dependencies": {
        "lucide-react": "^0.294.0",
        "react": "^18.2.0",
        "react-dom": "^18.2.0"
      },
      "devDependencies": {
        "@vitejs/plugin-react": "^4.2.0",
        "autoprefixer": "^10.4.16",
        "postcss": "^8.4.32",
        "tailwindcss": "^3.3.6",
        "vite": "^5.0.8"
      }
    }
  }
}
```

5. Click **Commit changes**

This will trigger a new workflow run. But wait — this minimal lock file might not work. Let me give you a better solution...

Actually, let's **update the workflow** instead to use `npm install` instead of `npm ci`:

1. Go to `.github/workflows/deploy.yml` in your repo
2. Click the **pencil icon** to edit
3. Find this line:
```
   run: npm ci
```
4. Change it to:
```
   run: npm install
